
Microsoft Visual Studio Solution File, Format Version 12.00
# Visual Studio Version 17
VisualStudioVersion = 17.11.35222.181
MinimumVisualStudioVersion = 10.0.40219.1
Project("{9A19103F-16F7-4668-BE54-9A1E7A4F7556}") = "TestProject", "ConsoleApp1\TestProject.csproj", "{8E28D109-AEE8-4E12-903D-A9056523326B}"
EndProject
Global
	GlobalSection(SolutionConfigurationPlatforms) = preSolution
		Debug|Any CPU = Debug|Any CPU
		Release|Any CPU = Release|Any CPU
	EndGlobalSection
	GlobalSection(ProjectConfigurationPlatforms) = postSolution
		{8E28D109-AEE8-4E12-903D-A9056523326B}.Debug|Any CPU.ActiveCfg = Debug|Any CPU
		{8E28D109-AEE8-4E12-903D-A9056523326B}.Debug|Any CPU.Build.0 = Debug|Any CPU
		{8E28D109-AEE8-4E12-903D-A9056523326B}.Release|Any CPU.ActiveCfg = Release|Any CPU
		{8E28D109-AEE8-4E12-903D-A9056523326B}.Release|Any CPU.Build.0 = Release|Any CPU
	EndGlobalSection
	GlobalSection(SolutionProperties) = preSolution
		HideSolutionNode = FALSE
	EndGlobalSection
	GlobalSection(ExtensibilityGlobals) = postSolution
		SolutionGuid = {295D6CBC-DBFC-434D-B1B8-79A8C7646D75}
	EndGlobalSection
EndGlobal
